
Microsoft Visual Studio Solution File, Format Version 10.00
# Visual Studio 2008
Project("{8BC9CEB8-8B4A-11D0-8D11-00A0C91BC942}") = "ColorValue", "ColorValue\ColorValue.vcproj", "{87942A3B-ACD4-46AB-A2E3-070ECEC85C2D}"
EndProject
Global
	GlobalSection(SolutionConfigurationPlatforms) = preSolution
		Debug|Win32 = Debug|Win32
		Release|Win32 = Release|Win32
	EndGlobalSection
	GlobalSection(ProjectConfigurationPlatforms) = postSolution
		{87942A3B-ACD4-46AB-A2E3-070ECEC85C2D}.Debug|Win32.ActiveCfg = Debug|Win32
		{87942A3B-ACD4-46AB-A2E3-070ECEC85C2D}.Debug|Win32.Build.0 = Debug|Win32
		{87942A3B-ACD4-46AB-A2E3-070ECEC85C2D}.Release|Win32.ActiveCfg = Release|Win32
		{87942A3B-ACD4-46AB-A2E3-070ECEC85C2D}.Release|Win32.Build.0 = Release|Win32
	EndGlobalSection
	GlobalSection(SolutionProperties) = preSolution
		HideSolutionNode = FALSE
	EndGlobalSection
EndGlobal
