
Microsoft Visual Studio Solution File, Format Version 10.00
# Visual Studio 2008
Project("{8BC9CEB8-8B4A-11D0-8D11-00A0C91BC942}") = "NTLog", "NTLog\NTLog.vcproj", "{7C43B0E9-EE9C-4C80-9B41-6919BD9391D0}"
EndProject
Project("{8BC9CEB8-8B4A-11D0-8D11-00A0C91BC942}") = "baseclasses", "..\baseclasses\baseclasses.vcproj", "{E8A3F6FA-AE1C-4C8E-A0B6-9C8480324EAA}"
EndProject
Project("{8BC9CEB8-8B4A-11D0-8D11-00A0C91BC942}") = "SubPic", "SubPic\SubPic.vcproj", "{ED576A59-6104-4E08-A1D0-4EF1C5D28D84}"
EndProject
Project("{8BC9CEB8-8B4A-11D0-8D11-00A0C91BC942}") = "dsutil", "DSUtil\dsutil.vcproj", "{FC70988B-1AE5-4381-866D-4F405E28AC42}"
EndProject
Project("{8BC9CEB8-8B4A-11D0-8D11-00A0C91BC942}") = "NTPlayerCore", "NTPlayerCore\NTPlayerCore.vcproj", "{FA20BA35-A932-4F35-B8CB-E741DC88B0E8}"
	ProjectSection(ProjectDependencies) = postProject
		{6C27162A-60E4-442E-9956-516EC48CD2D1} = {6C27162A-60E4-442E-9956-516EC48CD2D1}
		{58F36D54-7F77-49E2-9CDD-75E641DB678B} = {58F36D54-7F77-49E2-9CDD-75E641DB678B}
		{ED576A59-6104-4E08-A1D0-4EF1C5D28D84} = {ED576A59-6104-4E08-A1D0-4EF1C5D28D84}
		{C1A5067A-F610-4720-942E-F021AA56AC92} = {C1A5067A-F610-4720-942E-F021AA56AC92}
		{FC70988B-1AE5-4381-866D-4F405E28AC42} = {FC70988B-1AE5-4381-866D-4F405E28AC42}
		{C10D6FA9-1591-4682-AACE-BC42F679EDB3} = {C10D6FA9-1591-4682-AACE-BC42F679EDB3}
		{C26766D9-077C-49DC-AFFA-2DA27E423FEE} = {C26766D9-077C-49DC-AFFA-2DA27E423FEE}
		{E8A3F6FA-AE1C-4C8E-A0B6-9C8480324EAA} = {E8A3F6FA-AE1C-4C8E-A0B6-9C8480324EAA}
	EndProjectSection
EndProject
Project("{8BC9CEB8-8B4A-11D0-8D11-00A0C91BC942}") = "lcms2", "thirdparty\lcms2\lcms2.vcproj", "{C26766D9-077C-49DC-AFFA-2DA27E423FEE}"
EndProject
Project("{8BC9CEB8-8B4A-11D0-8D11-00A0C91BC942}") = "AsyncReader", "AsyncReader\AsyncReader.vcproj", "{C10D6FA9-1591-4682-AACE-BC42F679EDB3}"
EndProject
Project("{8BC9CEB8-8B4A-11D0-8D11-00A0C91BC942}") = "SyncClock", "filters\renderer\SyncClock\SyncClock.vcproj", "{6C27162A-60E4-442E-9956-516EC48CD2D1}"
EndProject
Project("{8BC9CEB8-8B4A-11D0-8D11-00A0C91BC942}") = "VideoRenderers", "filters\renderer\VideoRenderers\VideoRenderers.vcproj", "{58F36D54-7F77-49E2-9CDD-75E641DB678B}"
EndProject
Project("{8BC9CEB8-8B4A-11D0-8D11-00A0C91BC942}") = "Subtitles", "Subtitles\Subtitles.vcproj", "{C1A5067A-F610-4720-942E-F021AA56AC92}"
EndProject
Project("{8BC9CEB8-8B4A-11D0-8D11-00A0C91BC942}") = "NTPlayer", "NTPlayer\NTPlayer.vcproj", "{EA073758-3156-481F-903C-70DE2B5ACF07}"
	ProjectSection(ProjectDependencies) = postProject
		{FA20BA35-A932-4F35-B8CB-E741DC88B0E8} = {FA20BA35-A932-4F35-B8CB-E741DC88B0E8}
	EndProjectSection
EndProject
Global
	GlobalSection(SolutionConfigurationPlatforms) = preSolution
		Debug|Win32 = Debug|Win32
		Debug|x64 = Debug|x64
		Release|Win32 = Release|Win32
		Release|x64 = Release|x64
	EndGlobalSection
	GlobalSection(ProjectConfigurationPlatforms) = postSolution
		{7C43B0E9-EE9C-4C80-9B41-6919BD9391D0}.Debug|Win32.ActiveCfg = Debug|Win32
		{7C43B0E9-EE9C-4C80-9B41-6919BD9391D0}.Debug|Win32.Build.0 = Debug|Win32
		{7C43B0E9-EE9C-4C80-9B41-6919BD9391D0}.Debug|x64.ActiveCfg = Debug|Win32
		{7C43B0E9-EE9C-4C80-9B41-6919BD9391D0}.Release|Win32.ActiveCfg = Release|Win32
		{7C43B0E9-EE9C-4C80-9B41-6919BD9391D0}.Release|Win32.Build.0 = Release|Win32
		{7C43B0E9-EE9C-4C80-9B41-6919BD9391D0}.Release|x64.ActiveCfg = Release|Win32
		{E8A3F6FA-AE1C-4C8E-A0B6-9C8480324EAA}.Debug|Win32.ActiveCfg = Debug|Win32
		{E8A3F6FA-AE1C-4C8E-A0B6-9C8480324EAA}.Debug|Win32.Build.0 = Debug|Win32
		{E8A3F6FA-AE1C-4C8E-A0B6-9C8480324EAA}.Debug|x64.ActiveCfg = Debug|x64
		{E8A3F6FA-AE1C-4C8E-A0B6-9C8480324EAA}.Debug|x64.Build.0 = Debug|x64
		{E8A3F6FA-AE1C-4C8E-A0B6-9C8480324EAA}.Release|Win32.ActiveCfg = Release|Win32
		{E8A3F6FA-AE1C-4C8E-A0B6-9C8480324EAA}.Release|Win32.Build.0 = Release|Win32
		{E8A3F6FA-AE1C-4C8E-A0B6-9C8480324EAA}.Release|x64.ActiveCfg = Release|x64
		{E8A3F6FA-AE1C-4C8E-A0B6-9C8480324EAA}.Release|x64.Build.0 = Release|x64
		{ED576A59-6104-4E08-A1D0-4EF1C5D28D84}.Debug|Win32.ActiveCfg = Debug|Win32
		{ED576A59-6104-4E08-A1D0-4EF1C5D28D84}.Debug|Win32.Build.0 = Debug|Win32
		{ED576A59-6104-4E08-A1D0-4EF1C5D28D84}.Debug|x64.ActiveCfg = Debug|Win32
		{ED576A59-6104-4E08-A1D0-4EF1C5D28D84}.Release|Win32.ActiveCfg = Release|Win32
		{ED576A59-6104-4E08-A1D0-4EF1C5D28D84}.Release|Win32.Build.0 = Release|Win32
		{ED576A59-6104-4E08-A1D0-4EF1C5D28D84}.Release|x64.ActiveCfg = Release|Win32
		{FC70988B-1AE5-4381-866D-4F405E28AC42}.Debug|Win32.ActiveCfg = Debug|Win32
		{FC70988B-1AE5-4381-866D-4F405E28AC42}.Debug|Win32.Build.0 = Debug|Win32
		{FC70988B-1AE5-4381-866D-4F405E28AC42}.Debug|x64.ActiveCfg = Debug|Win32
		{FC70988B-1AE5-4381-866D-4F405E28AC42}.Release|Win32.ActiveCfg = Release|Win32
		{FC70988B-1AE5-4381-866D-4F405E28AC42}.Release|Win32.Build.0 = Release|Win32
		{FC70988B-1AE5-4381-866D-4F405E28AC42}.Release|x64.ActiveCfg = Release|Win32
		{FA20BA35-A932-4F35-B8CB-E741DC88B0E8}.Debug|Win32.ActiveCfg = Debug|Win32
		{FA20BA35-A932-4F35-B8CB-E741DC88B0E8}.Debug|Win32.Build.0 = Debug|Win32
		{FA20BA35-A932-4F35-B8CB-E741DC88B0E8}.Debug|x64.ActiveCfg = Debug|Win32
		{FA20BA35-A932-4F35-B8CB-E741DC88B0E8}.Release|Win32.ActiveCfg = Release|Win32
		{FA20BA35-A932-4F35-B8CB-E741DC88B0E8}.Release|Win32.Build.0 = Release|Win32
		{FA20BA35-A932-4F35-B8CB-E741DC88B0E8}.Release|x64.ActiveCfg = Release|Win32
		{C26766D9-077C-49DC-AFFA-2DA27E423FEE}.Debug|Win32.ActiveCfg = Debug|Win32
		{C26766D9-077C-49DC-AFFA-2DA27E423FEE}.Debug|Win32.Build.0 = Debug|Win32
		{C26766D9-077C-49DC-AFFA-2DA27E423FEE}.Debug|x64.ActiveCfg = Debug|Win32
		{C26766D9-077C-49DC-AFFA-2DA27E423FEE}.Release|Win32.ActiveCfg = Release|Win32
		{C26766D9-077C-49DC-AFFA-2DA27E423FEE}.Release|Win32.Build.0 = Release|Win32
		{C26766D9-077C-49DC-AFFA-2DA27E423FEE}.Release|x64.ActiveCfg = Release|Win32
		{C10D6FA9-1591-4682-AACE-BC42F679EDB3}.Debug|Win32.ActiveCfg = Debug|Win32
		{C10D6FA9-1591-4682-AACE-BC42F679EDB3}.Debug|Win32.Build.0 = Debug|Win32
		{C10D6FA9-1591-4682-AACE-BC42F679EDB3}.Debug|x64.ActiveCfg = Debug|Win32
		{C10D6FA9-1591-4682-AACE-BC42F679EDB3}.Release|Win32.ActiveCfg = Release|Win32
		{C10D6FA9-1591-4682-AACE-BC42F679EDB3}.Release|Win32.Build.0 = Release|Win32
		{C10D6FA9-1591-4682-AACE-BC42F679EDB3}.Release|x64.ActiveCfg = Release|Win32
		{6C27162A-60E4-442E-9956-516EC48CD2D1}.Debug|Win32.ActiveCfg = Debug|Win32
		{6C27162A-60E4-442E-9956-516EC48CD2D1}.Debug|Win32.Build.0 = Debug|Win32
		{6C27162A-60E4-442E-9956-516EC48CD2D1}.Debug|x64.ActiveCfg = Debug|Win32
		{6C27162A-60E4-442E-9956-516EC48CD2D1}.Release|Win32.ActiveCfg = Release|Win32
		{6C27162A-60E4-442E-9956-516EC48CD2D1}.Release|Win32.Build.0 = Release|Win32
		{6C27162A-60E4-442E-9956-516EC48CD2D1}.Release|x64.ActiveCfg = Release|Win32
		{58F36D54-7F77-49E2-9CDD-75E641DB678B}.Debug|Win32.ActiveCfg = Debug|Win32
		{58F36D54-7F77-49E2-9CDD-75E641DB678B}.Debug|Win32.Build.0 = Debug|Win32
		{58F36D54-7F77-49E2-9CDD-75E641DB678B}.Debug|x64.ActiveCfg = Debug|Win32
		{58F36D54-7F77-49E2-9CDD-75E641DB678B}.Release|Win32.ActiveCfg = Release|Win32
		{58F36D54-7F77-49E2-9CDD-75E641DB678B}.Release|Win32.Build.0 = Release|Win32
		{58F36D54-7F77-49E2-9CDD-75E641DB678B}.Release|x64.ActiveCfg = Release|Win32
		{C1A5067A-F610-4720-942E-F021AA56AC92}.Debug|Win32.ActiveCfg = Debug|Win32
		{C1A5067A-F610-4720-942E-F021AA56AC92}.Debug|Win32.Build.0 = Debug|Win32
		{C1A5067A-F610-4720-942E-F021AA56AC92}.Debug|x64.ActiveCfg = Debug|Win32
		{C1A5067A-F610-4720-942E-F021AA56AC92}.Release|Win32.ActiveCfg = Release|Win32
		{C1A5067A-F610-4720-942E-F021AA56AC92}.Release|Win32.Build.0 = Release|Win32
		{C1A5067A-F610-4720-942E-F021AA56AC92}.Release|x64.ActiveCfg = Release|Win32
		{EA073758-3156-481F-903C-70DE2B5ACF07}.Debug|Win32.ActiveCfg = Debug|Win32
		{EA073758-3156-481F-903C-70DE2B5ACF07}.Debug|Win32.Build.0 = Debug|Win32
		{EA073758-3156-481F-903C-70DE2B5ACF07}.Debug|x64.ActiveCfg = Debug|Win32
		{EA073758-3156-481F-903C-70DE2B5ACF07}.Release|Win32.ActiveCfg = Release|Win32
		{EA073758-3156-481F-903C-70DE2B5ACF07}.Release|Win32.Build.0 = Release|Win32
		{EA073758-3156-481F-903C-70DE2B5ACF07}.Release|x64.ActiveCfg = Release|Win32
	EndGlobalSection
	GlobalSection(SolutionProperties) = preSolution
		HideSolutionNode = FALSE
	EndGlobalSection
EndGlobal
