
Microsoft Visual Studio Solution File, Format Version 10.00
# Visual Studio 2008
Project("{8BC9CEB8-8B4A-11D0-8D11-00A0C91BC942}") = "NTPlayer", "NTPlayer\NTPlayer.vcproj", "{41FC832D-E384-44BA-AF87-21427D474E2A}"
EndProject
Project("{8BC9CEB8-8B4A-11D0-8D11-00A0C91BC942}") = "NTLog", "NTLog\NTLog.vcproj", "{7C43B0E9-EE9C-4C80-9B41-6919BD9391D0}"
EndProject
Project("{8BC9CEB8-8B4A-11D0-8D11-00A0C91BC942}") = "baseclasses", "..\baseclasses\baseclasses.vcproj", "{E8A3F6FA-AE1C-4C8E-A0B6-9C8480324EAA}"
EndProject
Project("{8BC9CEB8-8B4A-11D0-8D11-00A0C91BC942}") = "NTPlayerTest", "NTPlayerTest\NTPlayerTest.vcproj", "{74B66CFA-F48B-4D13-BE0D-E9CB87927B8A}"
	ProjectSection(ProjectDependencies) = postProject
		{41FC832D-E384-44BA-AF87-21427D474E2A} = {41FC832D-E384-44BA-AF87-21427D474E2A}
	EndProjectSection
EndProject
Global
	GlobalSection(SolutionConfigurationPlatforms) = preSolution
		Debug|Win32 = Debug|Win32
		Debug|x64 = Debug|x64
		Release|Win32 = Release|Win32
		Release|x64 = Release|x64
	EndGlobalSection
	GlobalSection(ProjectConfigurationPlatforms) = postSolution
		{41FC832D-E384-44BA-AF87-21427D474E2A}.Debug|Win32.ActiveCfg = Debug|Win32
		{41FC832D-E384-44BA-AF87-21427D474E2A}.Debug|Win32.Build.0 = Debug|Win32
		{41FC832D-E384-44BA-AF87-21427D474E2A}.Debug|x64.ActiveCfg = Debug|Win32
		{41FC832D-E384-44BA-AF87-21427D474E2A}.Release|Win32.ActiveCfg = Release|Win32
		{41FC832D-E384-44BA-AF87-21427D474E2A}.Release|Win32.Build.0 = Release|Win32
		{41FC832D-E384-44BA-AF87-21427D474E2A}.Release|x64.ActiveCfg = Release|Win32
		{7C43B0E9-EE9C-4C80-9B41-6919BD9391D0}.Debug|Win32.ActiveCfg = Debug|Win32
		{7C43B0E9-EE9C-4C80-9B41-6919BD9391D0}.Debug|Win32.Build.0 = Debug|Win32
		{7C43B0E9-EE9C-4C80-9B41-6919BD9391D0}.Debug|x64.ActiveCfg = Debug|Win32
		{7C43B0E9-EE9C-4C80-9B41-6919BD9391D0}.Release|Win32.ActiveCfg = Release|Win32
		{7C43B0E9-EE9C-4C80-9B41-6919BD9391D0}.Release|Win32.Build.0 = Release|Win32
		{7C43B0E9-EE9C-4C80-9B41-6919BD9391D0}.Release|x64.ActiveCfg = Release|Win32
		{E8A3F6FA-AE1C-4C8E-A0B6-9C8480324EAA}.Debug|Win32.ActiveCfg = Debug|Win32
		{E8A3F6FA-AE1C-4C8E-A0B6-9C8480324EAA}.Debug|Win32.Build.0 = Debug|Win32
		{E8A3F6FA-AE1C-4C8E-A0B6-9C8480324EAA}.Debug|x64.ActiveCfg = Debug|x64
		{E8A3F6FA-AE1C-4C8E-A0B6-9C8480324EAA}.Debug|x64.Build.0 = Debug|x64
		{E8A3F6FA-AE1C-4C8E-A0B6-9C8480324EAA}.Release|Win32.ActiveCfg = Release|Win32
		{E8A3F6FA-AE1C-4C8E-A0B6-9C8480324EAA}.Release|Win32.Build.0 = Release|Win32
		{E8A3F6FA-AE1C-4C8E-A0B6-9C8480324EAA}.Release|x64.ActiveCfg = Release|x64
		{E8A3F6FA-AE1C-4C8E-A0B6-9C8480324EAA}.Release|x64.Build.0 = Release|x64
		{74B66CFA-F48B-4D13-BE0D-E9CB87927B8A}.Debug|Win32.ActiveCfg = Debug|Win32
		{74B66CFA-F48B-4D13-BE0D-E9CB87927B8A}.Debug|Win32.Build.0 = Debug|Win32
		{74B66CFA-F48B-4D13-BE0D-E9CB87927B8A}.Debug|x64.ActiveCfg = Debug|Win32
		{74B66CFA-F48B-4D13-BE0D-E9CB87927B8A}.Release|Win32.ActiveCfg = Release|Win32
		{74B66CFA-F48B-4D13-BE0D-E9CB87927B8A}.Release|Win32.Build.0 = Release|Win32
		{74B66CFA-F48B-4D13-BE0D-E9CB87927B8A}.Release|x64.ActiveCfg = Release|Win32
	EndGlobalSection
	GlobalSection(SolutionProperties) = preSolution
		HideSolutionNode = FALSE
	EndGlobalSection
EndGlobal
