
Microsoft Visual Studio Solution File, Format Version 10.00
# Visual Studio 2008
Project("{8BC9CEB8-8B4A-11D0-8D11-00A0C91BC942}") = "Hello1", "Chapt_01\Hello1\Hello1.vcproj", "{C1E5693F-1577-4938-8527-37725EC0DA3D}"
EndProject
Project("{8BC9CEB8-8B4A-11D0-8D11-00A0C91BC942}") = "Hello2", "Chapt_01\Hello2\Hello2.vcproj", "{7D42EC11-4C42-4ABC-BDA7-5CB0D2F38D33}"
EndProject
Project("{8BC9CEB8-8B4A-11D0-8D11-00A0C91BC942}") = "Hello3", "Chapt_01\Hello3\Hello3.vcproj", "{9F47FB29-EFE4-4190-8C0F-CE603D21925B}"
EndProject
Project("{8BC9CEB8-8B4A-11D0-8D11-00A0C91BC942}") = "Hello4", "Chapt_01\Hello4\Hello4.vcproj", "{18CA815D-E5DE-4B49-92D0-06D012031CB5}"
EndProject
Project("{8BC9CEB8-8B4A-11D0-8D11-00A0C91BC942}") = "GDISpeed", "Chapt_01\GDISpeed\GDISpeed.vcproj", "{2F5E90A5-4135-4943-92D0-6C0B28AB8A65}"
EndProject
Project("{8BC9CEB8-8B4A-11D0-8D11-00A0C91BC942}") = "SetProc", "Chapt_01\SetProc\SetProc.vcproj", "{9A38D4FC-3ED4-4774-8FA3-B7C402FD96D0}"
EndProject
Project("{8BC9CEB8-8B4A-11D0-8D11-00A0C91BC942}") = "Timer", "Chapt_02\Timer\Timer.vcproj", "{F66A5A75-467C-450A-8D33-50048F9CF5DF}"
EndProject
Project("{2150E333-8FDC-42A3-9474-1A3956D46DE8}") = "Chapt_01", "Chapt_01", "{497894B9-4152-44FF-B6C0-414E1CB3ACFE}"
EndProject
Project("{2150E333-8FDC-42A3-9474-1A3956D46DE8}") = "Chapt_02", "Chapt_02", "{06B84E42-7958-4559-9385-B8F1E4A58685}"
EndProject
Project("{8BC9CEB8-8B4A-11D0-8D11-00A0C91BC942}") = "SysCall", "Chapt_02\SysCall\SysCall.vcproj", "{D2BCDEDA-A426-4944-BE0C-BD2C6DDFF6AD}"
EndProject
Project("{8BC9CEB8-8B4A-11D0-8D11-00A0C91BC942}") = "HTMLDrv", "Chapt_02\HTMLDrv\HTMLDrv.vcproj", "{D0538893-B895-4377-A3F3-267B3CBCEF52}"
EndProject
Project("{2150E333-8FDC-42A3-9474-1A3956D46DE8}") = "Chapt_03", "Chapt_03", "{46ED03CE-C00E-4431-9278-08B15699F919}"
EndProject
Project("{8BC9CEB8-8B4A-11D0-8D11-00A0C91BC942}") = "Fosterer", "Chapt_03\Fosterer\Fosterer.vcproj", "{9D6BC621-D8A6-42AE-A4AE-ABD75DE89ED8}"
EndProject
Global
	GlobalSection(SolutionConfigurationPlatforms) = preSolution
		Debug|Win32 = Debug|Win32
		Release|Win32 = Release|Win32
	EndGlobalSection
	GlobalSection(ProjectConfigurationPlatforms) = postSolution
		{C1E5693F-1577-4938-8527-37725EC0DA3D}.Debug|Win32.ActiveCfg = Debug|Win32
		{C1E5693F-1577-4938-8527-37725EC0DA3D}.Debug|Win32.Build.0 = Debug|Win32
		{C1E5693F-1577-4938-8527-37725EC0DA3D}.Release|Win32.ActiveCfg = Release|Win32
		{C1E5693F-1577-4938-8527-37725EC0DA3D}.Release|Win32.Build.0 = Release|Win32
		{7D42EC11-4C42-4ABC-BDA7-5CB0D2F38D33}.Debug|Win32.ActiveCfg = Debug|Win32
		{7D42EC11-4C42-4ABC-BDA7-5CB0D2F38D33}.Debug|Win32.Build.0 = Debug|Win32
		{7D42EC11-4C42-4ABC-BDA7-5CB0D2F38D33}.Release|Win32.ActiveCfg = Release|Win32
		{7D42EC11-4C42-4ABC-BDA7-5CB0D2F38D33}.Release|Win32.Build.0 = Release|Win32
		{9F47FB29-EFE4-4190-8C0F-CE603D21925B}.Debug|Win32.ActiveCfg = Debug|Win32
		{9F47FB29-EFE4-4190-8C0F-CE603D21925B}.Debug|Win32.Build.0 = Debug|Win32
		{9F47FB29-EFE4-4190-8C0F-CE603D21925B}.Release|Win32.ActiveCfg = Release|Win32
		{9F47FB29-EFE4-4190-8C0F-CE603D21925B}.Release|Win32.Build.0 = Release|Win32
		{18CA815D-E5DE-4B49-92D0-06D012031CB5}.Debug|Win32.ActiveCfg = Debug|Win32
		{18CA815D-E5DE-4B49-92D0-06D012031CB5}.Debug|Win32.Build.0 = Debug|Win32
		{18CA815D-E5DE-4B49-92D0-06D012031CB5}.Release|Win32.ActiveCfg = Release|Win32
		{18CA815D-E5DE-4B49-92D0-06D012031CB5}.Release|Win32.Build.0 = Release|Win32
		{2F5E90A5-4135-4943-92D0-6C0B28AB8A65}.Debug|Win32.ActiveCfg = Debug|Win32
		{2F5E90A5-4135-4943-92D0-6C0B28AB8A65}.Debug|Win32.Build.0 = Debug|Win32
		{2F5E90A5-4135-4943-92D0-6C0B28AB8A65}.Release|Win32.ActiveCfg = Release|Win32
		{2F5E90A5-4135-4943-92D0-6C0B28AB8A65}.Release|Win32.Build.0 = Release|Win32
		{9A38D4FC-3ED4-4774-8FA3-B7C402FD96D0}.Debug|Win32.ActiveCfg = Debug|Win32
		{9A38D4FC-3ED4-4774-8FA3-B7C402FD96D0}.Debug|Win32.Build.0 = Debug|Win32
		{9A38D4FC-3ED4-4774-8FA3-B7C402FD96D0}.Release|Win32.ActiveCfg = Release|Win32
		{9A38D4FC-3ED4-4774-8FA3-B7C402FD96D0}.Release|Win32.Build.0 = Release|Win32
		{F66A5A75-467C-450A-8D33-50048F9CF5DF}.Debug|Win32.ActiveCfg = Debug|Win32
		{F66A5A75-467C-450A-8D33-50048F9CF5DF}.Debug|Win32.Build.0 = Debug|Win32
		{F66A5A75-467C-450A-8D33-50048F9CF5DF}.Release|Win32.ActiveCfg = Release|Win32
		{F66A5A75-467C-450A-8D33-50048F9CF5DF}.Release|Win32.Build.0 = Release|Win32
		{D2BCDEDA-A426-4944-BE0C-BD2C6DDFF6AD}.Debug|Win32.ActiveCfg = Debug|Win32
		{D2BCDEDA-A426-4944-BE0C-BD2C6DDFF6AD}.Debug|Win32.Build.0 = Debug|Win32
		{D2BCDEDA-A426-4944-BE0C-BD2C6DDFF6AD}.Release|Win32.ActiveCfg = Release|Win32
		{D2BCDEDA-A426-4944-BE0C-BD2C6DDFF6AD}.Release|Win32.Build.0 = Release|Win32
		{D0538893-B895-4377-A3F3-267B3CBCEF52}.Debug|Win32.ActiveCfg = Debug|Win32
		{D0538893-B895-4377-A3F3-267B3CBCEF52}.Debug|Win32.Build.0 = Debug|Win32
		{D0538893-B895-4377-A3F3-267B3CBCEF52}.Release|Win32.ActiveCfg = Release|Win32
		{D0538893-B895-4377-A3F3-267B3CBCEF52}.Release|Win32.Build.0 = Release|Win32
		{9D6BC621-D8A6-42AE-A4AE-ABD75DE89ED8}.Debug|Win32.ActiveCfg = Debug|Win32
		{9D6BC621-D8A6-42AE-A4AE-ABD75DE89ED8}.Debug|Win32.Build.0 = Debug|Win32
		{9D6BC621-D8A6-42AE-A4AE-ABD75DE89ED8}.Release|Win32.ActiveCfg = Release|Win32
		{9D6BC621-D8A6-42AE-A4AE-ABD75DE89ED8}.Release|Win32.Build.0 = Release|Win32
	EndGlobalSection
	GlobalSection(SolutionProperties) = preSolution
		HideSolutionNode = FALSE
	EndGlobalSection
	GlobalSection(NestedProjects) = preSolution
		{2F5E90A5-4135-4943-92D0-6C0B28AB8A65} = {497894B9-4152-44FF-B6C0-414E1CB3ACFE}
		{9A38D4FC-3ED4-4774-8FA3-B7C402FD96D0} = {497894B9-4152-44FF-B6C0-414E1CB3ACFE}
		{C1E5693F-1577-4938-8527-37725EC0DA3D} = {497894B9-4152-44FF-B6C0-414E1CB3ACFE}
		{7D42EC11-4C42-4ABC-BDA7-5CB0D2F38D33} = {497894B9-4152-44FF-B6C0-414E1CB3ACFE}
		{9F47FB29-EFE4-4190-8C0F-CE603D21925B} = {497894B9-4152-44FF-B6C0-414E1CB3ACFE}
		{18CA815D-E5DE-4B49-92D0-06D012031CB5} = {497894B9-4152-44FF-B6C0-414E1CB3ACFE}
		{F66A5A75-467C-450A-8D33-50048F9CF5DF} = {06B84E42-7958-4559-9385-B8F1E4A58685}
		{D2BCDEDA-A426-4944-BE0C-BD2C6DDFF6AD} = {06B84E42-7958-4559-9385-B8F1E4A58685}
		{D0538893-B895-4377-A3F3-267B3CBCEF52} = {06B84E42-7958-4559-9385-B8F1E4A58685}
		{9D6BC621-D8A6-42AE-A4AE-ABD75DE89ED8} = {46ED03CE-C00E-4431-9278-08B15699F919}
	EndGlobalSection
EndGlobal
