
Microsoft Visual Studio Solution File, Format Version 10.00
# Visual Studio 2008
Project("{8BC9CEB8-8B4A-11D0-8D11-00A0C91BC942}") = "encoder_aac", "encoder_aac.vcproj", "{56DEF241-2771-487C-BD9A-1E03244A33A2}"
EndProject
Project("{8BC9CEB8-8B4A-11D0-8D11-00A0C91BC942}") = "baseclasses", "..\..\..\SVN\mediacore\opensource\directshow\baseclasses\baseclasses.vcproj", "{E8A3F6FA-AE1C-4C8E-A0B6-9C8480324EAA}"
EndProject
Global
	GlobalSection(SolutionConfigurationPlatforms) = preSolution
		Debug_MBCS|Win32 = Debug_MBCS|Win32
		Debug_MBCS|x64 = Debug_MBCS|x64
		Debug|Win32 = Debug|Win32
		Debug|x64 = Debug|x64
		Debug-MFCStatic|Win32 = Debug-MFCStatic|Win32
		Debug-MFCStatic|x64 = Debug-MFCStatic|x64
		Release_MBCS|Win32 = Release_MBCS|Win32
		Release_MBCS|x64 = Release_MBCS|x64
		Release|Win32 = Release|Win32
		Release|x64 = Release|x64
		Release-MFCStatic|Win32 = Release-MFCStatic|Win32
		Release-MFCStatic|x64 = Release-MFCStatic|x64
	EndGlobalSection
	GlobalSection(ProjectConfigurationPlatforms) = postSolution
		{56DEF241-2771-487C-BD9A-1E03244A33A2}.Debug_MBCS|Win32.ActiveCfg = Debug-MFCStatic|Win32
		{56DEF241-2771-487C-BD9A-1E03244A33A2}.Debug_MBCS|Win32.Build.0 = Debug-MFCStatic|Win32
		{56DEF241-2771-487C-BD9A-1E03244A33A2}.Debug_MBCS|x64.ActiveCfg = Debug-MFCStatic|Win32
		{56DEF241-2771-487C-BD9A-1E03244A33A2}.Debug|Win32.ActiveCfg = Debug|Win32
		{56DEF241-2771-487C-BD9A-1E03244A33A2}.Debug|Win32.Build.0 = Debug|Win32
		{56DEF241-2771-487C-BD9A-1E03244A33A2}.Debug|x64.ActiveCfg = Debug|Win32
		{56DEF241-2771-487C-BD9A-1E03244A33A2}.Debug-MFCStatic|Win32.ActiveCfg = Debug-MFCStatic|Win32
		{56DEF241-2771-487C-BD9A-1E03244A33A2}.Debug-MFCStatic|Win32.Build.0 = Debug-MFCStatic|Win32
		{56DEF241-2771-487C-BD9A-1E03244A33A2}.Debug-MFCStatic|x64.ActiveCfg = Debug-MFCStatic|Win32
		{56DEF241-2771-487C-BD9A-1E03244A33A2}.Release_MBCS|Win32.ActiveCfg = Release-MFCStatic|Win32
		{56DEF241-2771-487C-BD9A-1E03244A33A2}.Release_MBCS|Win32.Build.0 = Release-MFCStatic|Win32
		{56DEF241-2771-487C-BD9A-1E03244A33A2}.Release_MBCS|x64.ActiveCfg = Release-MFCStatic|Win32
		{56DEF241-2771-487C-BD9A-1E03244A33A2}.Release|Win32.ActiveCfg = Release|Win32
		{56DEF241-2771-487C-BD9A-1E03244A33A2}.Release|Win32.Build.0 = Release|Win32
		{56DEF241-2771-487C-BD9A-1E03244A33A2}.Release|x64.ActiveCfg = Release|Win32
		{56DEF241-2771-487C-BD9A-1E03244A33A2}.Release-MFCStatic|Win32.ActiveCfg = Release-MFCStatic|Win32
		{56DEF241-2771-487C-BD9A-1E03244A33A2}.Release-MFCStatic|Win32.Build.0 = Release-MFCStatic|Win32
		{56DEF241-2771-487C-BD9A-1E03244A33A2}.Release-MFCStatic|x64.ActiveCfg = Release-MFCStatic|Win32
		{E8A3F6FA-AE1C-4C8E-A0B6-9C8480324EAA}.Debug_MBCS|Win32.ActiveCfg = Debug_MBCS|Win32
		{E8A3F6FA-AE1C-4C8E-A0B6-9C8480324EAA}.Debug_MBCS|Win32.Build.0 = Debug_MBCS|Win32
		{E8A3F6FA-AE1C-4C8E-A0B6-9C8480324EAA}.Debug_MBCS|x64.ActiveCfg = Debug_MBCS|x64
		{E8A3F6FA-AE1C-4C8E-A0B6-9C8480324EAA}.Debug_MBCS|x64.Build.0 = Debug_MBCS|x64
		{E8A3F6FA-AE1C-4C8E-A0B6-9C8480324EAA}.Debug|Win32.ActiveCfg = Debug|Win32
		{E8A3F6FA-AE1C-4C8E-A0B6-9C8480324EAA}.Debug|Win32.Build.0 = Debug|Win32
		{E8A3F6FA-AE1C-4C8E-A0B6-9C8480324EAA}.Debug|x64.ActiveCfg = Debug|x64
		{E8A3F6FA-AE1C-4C8E-A0B6-9C8480324EAA}.Debug|x64.Build.0 = Debug|x64
		{E8A3F6FA-AE1C-4C8E-A0B6-9C8480324EAA}.Debug-MFCStatic|Win32.ActiveCfg = Debug_MBCS|x64
		{E8A3F6FA-AE1C-4C8E-A0B6-9C8480324EAA}.Debug-MFCStatic|x64.ActiveCfg = Debug_MBCS|x64
		{E8A3F6FA-AE1C-4C8E-A0B6-9C8480324EAA}.Debug-MFCStatic|x64.Build.0 = Debug_MBCS|x64
		{E8A3F6FA-AE1C-4C8E-A0B6-9C8480324EAA}.Release_MBCS|Win32.ActiveCfg = Release_MBCS|Win32
		{E8A3F6FA-AE1C-4C8E-A0B6-9C8480324EAA}.Release_MBCS|Win32.Build.0 = Release_MBCS|Win32
		{E8A3F6FA-AE1C-4C8E-A0B6-9C8480324EAA}.Release_MBCS|x64.ActiveCfg = Release_MBCS|x64
		{E8A3F6FA-AE1C-4C8E-A0B6-9C8480324EAA}.Release_MBCS|x64.Build.0 = Release_MBCS|x64
		{E8A3F6FA-AE1C-4C8E-A0B6-9C8480324EAA}.Release|Win32.ActiveCfg = Release|Win32
		{E8A3F6FA-AE1C-4C8E-A0B6-9C8480324EAA}.Release|Win32.Build.0 = Release|Win32
		{E8A3F6FA-AE1C-4C8E-A0B6-9C8480324EAA}.Release|x64.ActiveCfg = Release|x64
		{E8A3F6FA-AE1C-4C8E-A0B6-9C8480324EAA}.Release|x64.Build.0 = Release|x64
		{E8A3F6FA-AE1C-4C8E-A0B6-9C8480324EAA}.Release-MFCStatic|Win32.ActiveCfg = Release_MBCS|x64
		{E8A3F6FA-AE1C-4C8E-A0B6-9C8480324EAA}.Release-MFCStatic|x64.ActiveCfg = Release_MBCS|x64
		{E8A3F6FA-AE1C-4C8E-A0B6-9C8480324EAA}.Release-MFCStatic|x64.Build.0 = Release_MBCS|x64
	EndGlobalSection
	GlobalSection(SolutionProperties) = preSolution
		HideSolutionNode = FALSE
	EndGlobalSection
EndGlobal
