Microsoft Visual Studio Solution File, Format Version 10.00
# Visual Studio 2008
Project("{8BC9CEB8-8B4A-11D0-8D11-00A0C91BC942}") = "wavdest", "wavdest.vcproj", "{82DD56F1-9178-45F3-8EC2-A95FBC0587C6}"
EndProject
Project("{8BC9CEB8-8B4A-11D0-8D11-00A0C91BC942}") = "libfaac", "..\libfaac\libfaac\libfaac.vcproj", "{9CC48C6E-92EB-4814-AD37-97AB3622AB65}"
EndProject
Global
	GlobalSection(SolutionConfigurationPlatforms) = preSolution
		Debug Unicode|Win32 = Debug Unicode|Win32
		Debug|Win32 = Debug|Win32
		Release Unicode|Win32 = Release Unicode|Win32
		Release|Win32 = Release|Win32
	EndGlobalSection
	GlobalSection(ProjectConfigurationPlatforms) = postSolution
		{82DD56F1-9178-45F3-8EC2-A95FBC0587C6}.Debug Unicode|Win32.ActiveCfg = Debug Unicode|Win32
		{82DD56F1-9178-45F3-8EC2-A95FBC0587C6}.Debug Unicode|Win32.Build.0 = Debug Unicode|Win32
		{82DD56F1-9178-45F3-8EC2-A95FBC0587C6}.Debug|Win32.ActiveCfg = Debug|Win32
		{82DD56F1-9178-45F3-8EC2-A95FBC0587C6}.Debug|Win32.Build.0 = Debug|Win32
		{82DD56F1-9178-45F3-8EC2-A95FBC0587C6}.Release Unicode|Win32.ActiveCfg = Release Unicode|Win32
		{82DD56F1-9178-45F3-8EC2-A95FBC0587C6}.Release Unicode|Win32.Build.0 = Release Unicode|Win32
		{82DD56F1-9178-45F3-8EC2-A95FBC0587C6}.Release|Win32.ActiveCfg = Release|Win32
		{82DD56F1-9178-45F3-8EC2-A95FBC0587C6}.Release|Win32.Build.0 = Release|Win32
		{9CC48C6E-92EB-4814-AD37-97AB3622AB65}.Debug Unicode|Win32.ActiveCfg = Debug|Win32
		{9CC48C6E-92EB-4814-AD37-97AB3622AB65}.Debug Unicode|Win32.Build.0 = Debug|Win32
		{9CC48C6E-92EB-4814-AD37-97AB3622AB65}.Debug|Win32.ActiveCfg = Debug|Win32
		{9CC48C6E-92EB-4814-AD37-97AB3622AB65}.Debug|Win32.Build.0 = Debug|Win32
		{9CC48C6E-92EB-4814-AD37-97AB3622AB65}.Release Unicode|Win32.ActiveCfg = Release|Win32
		{9CC48C6E-92EB-4814-AD37-97AB3622AB65}.Release Unicode|Win32.Build.0 = Release|Win32
		{9CC48C6E-92EB-4814-AD37-97AB3622AB65}.Release|Win32.ActiveCfg = Release|Win32
		{9CC48C6E-92EB-4814-AD37-97AB3622AB65}.Release|Win32.Build.0 = Release|Win32
	EndGlobalSection
	GlobalSection(SolutionProperties) = preSolution
		HideSolutionNode = FALSE
	EndGlobalSection
EndGlobal
