
Microsoft Visual Studio Solution File, Format Version 10.00
# Visual Studio 2008
Project("{8BC9CEB8-8B4A-11D0-8D11-00A0C91BC942}") = "list", "list\list.vcproj", "{C6FA4B84-FAE8-4EF2-B4F6-D458FB8E1A3C}"
EndProject
Global
	GlobalSection(SolutionConfigurationPlatforms) = preSolution
		Debug|Win32 = Debug|Win32
		Release|Win32 = Release|Win32
	EndGlobalSection
	GlobalSection(ProjectConfigurationPlatforms) = postSolution
		{C6FA4B84-FAE8-4EF2-B4F6-D458FB8E1A3C}.Debug|Win32.ActiveCfg = Debug|Win32
		{C6FA4B84-FAE8-4EF2-B4F6-D458FB8E1A3C}.Debug|Win32.Build.0 = Debug|Win32
		{C6FA4B84-FAE8-4EF2-B4F6-D458FB8E1A3C}.Release|Win32.ActiveCfg = Release|Win32
		{C6FA4B84-FAE8-4EF2-B4F6-D458FB8E1A3C}.Release|Win32.Build.0 = Release|Win32
	EndGlobalSection
	GlobalSection(SolutionProperties) = preSolution
		HideSolutionNode = FALSE
	EndGlobalSection
EndGlobal
