Microsoft Visual Studio Solution File, Format Version 10.00
# Visual Studio 2008
Project("{8BC9CEB8-8B4A-11D0-8D11-00A0C91BC942}") = "basevideofilter", "..\basevideofilter\basevideofilter_vs2008.vcproj", "{54DDA60F-E528-4D07-A152-960A1E818680}"
EndProject
Project("{8BC9CEB8-8B4A-11D0-8D11-00A0C91BC942}") = "dsutil", "..\..\..\dsutil\dsutil_vs2008.vcproj", "{FC70988B-1AE5-4381-866D-4F405E28AC42}"
EndProject
Project("{8BC9CEB8-8B4A-11D0-8D11-00A0C91BC942}") = "libssf", "..\..\..\subtitles\libssf\libssf_vs2008.vcproj", "{DD9D2D92-2241-408A-859E-B85D444B7E3C}"
EndProject
Project("{8BC9CEB8-8B4A-11D0-8D11-00A0C91BC942}") = "subpic", "..\..\..\subpic\subpic_vs2008.vcproj", "{D514EA4D-EAFB-47A9-A437-A582CA571251}"
EndProject
Project("{8BC9CEB8-8B4A-11D0-8D11-00A0C91BC942}") = "subtitles", "..\..\..\subtitles\subtitles_vs2008.vcproj", "{5E56335F-0FB1-4EEA-B240-D8DC5E0608E4}"
EndProject
Project("{8BC9CEB8-8B4A-11D0-8D11-00A0C91BC942}") = "VSFilter", "VSFilter_vs2008.vcproj", "{F671100C-469F-4723-AAC4-B7FE4F5B8DC4}"
EndProject
Project("{8BC9CEB8-8B4A-11D0-8D11-00A0C91BC942}") = "baseclasses", "..\..\..\..\..\baseclasses\baseclasses.vcproj", "{E8A3F6FA-AE1C-4C8E-A0B6-9C8480324EAA}"
EndProject
Global
	GlobalSection(SolutionConfigurationPlatforms) = preSolution
		Debug|Win32 = Debug|Win32
		Debug|Win64 (AMD64) = Debug|Win64 (AMD64)
		Debug|x64 = Debug|x64
		Release|Win32 = Release|Win32
		Release|Win64 (AMD64) = Release|Win64 (AMD64)
		Release|x64 = Release|x64
	EndGlobalSection
	GlobalSection(ProjectConfigurationPlatforms) = postSolution
		{54DDA60F-E528-4D07-A152-960A1E818680}.Debug|Win32.ActiveCfg = Debug|Win32
		{54DDA60F-E528-4D07-A152-960A1E818680}.Debug|Win32.Build.0 = Debug|Win32
		{54DDA60F-E528-4D07-A152-960A1E818680}.Debug|Win64 (AMD64).ActiveCfg = Debug|Win32
		{54DDA60F-E528-4D07-A152-960A1E818680}.Debug|x64.ActiveCfg = Debug|Win32
		{54DDA60F-E528-4D07-A152-960A1E818680}.Release|Win32.ActiveCfg = Release|Win32
		{54DDA60F-E528-4D07-A152-960A1E818680}.Release|Win32.Build.0 = Release|Win32
		{54DDA60F-E528-4D07-A152-960A1E818680}.Release|Win64 (AMD64).ActiveCfg = Release|Win32
		{54DDA60F-E528-4D07-A152-960A1E818680}.Release|x64.ActiveCfg = Release|Win32
		{FC70988B-1AE5-4381-866D-4F405E28AC42}.Debug|Win32.ActiveCfg = Debug|Win32
		{FC70988B-1AE5-4381-866D-4F405E28AC42}.Debug|Win32.Build.0 = Debug|Win32
		{FC70988B-1AE5-4381-866D-4F405E28AC42}.Debug|Win64 (AMD64).ActiveCfg = Debug|Win32
		{FC70988B-1AE5-4381-866D-4F405E28AC42}.Debug|x64.ActiveCfg = Debug|Win32
		{FC70988B-1AE5-4381-866D-4F405E28AC42}.Release|Win32.ActiveCfg = Release|Win32
		{FC70988B-1AE5-4381-866D-4F405E28AC42}.Release|Win32.Build.0 = Release|Win32
		{FC70988B-1AE5-4381-866D-4F405E28AC42}.Release|Win64 (AMD64).ActiveCfg = Release|Win32
		{FC70988B-1AE5-4381-866D-4F405E28AC42}.Release|x64.ActiveCfg = Release|Win32
		{DD9D2D92-2241-408A-859E-B85D444B7E3C}.Debug|Win32.ActiveCfg = Debug|Win32
		{DD9D2D92-2241-408A-859E-B85D444B7E3C}.Debug|Win32.Build.0 = Debug|Win32
		{DD9D2D92-2241-408A-859E-B85D444B7E3C}.Debug|Win64 (AMD64).ActiveCfg = Debug|Win32
		{DD9D2D92-2241-408A-859E-B85D444B7E3C}.Debug|x64.ActiveCfg = Debug|Win32
		{DD9D2D92-2241-408A-859E-B85D444B7E3C}.Release|Win32.ActiveCfg = Release|Win32
		{DD9D2D92-2241-408A-859E-B85D444B7E3C}.Release|Win32.Build.0 = Release|Win32
		{DD9D2D92-2241-408A-859E-B85D444B7E3C}.Release|Win64 (AMD64).ActiveCfg = Release|Win32
		{DD9D2D92-2241-408A-859E-B85D444B7E3C}.Release|x64.ActiveCfg = Release|Win32
		{D514EA4D-EAFB-47A9-A437-A582CA571251}.Debug|Win32.ActiveCfg = Debug|Win32
		{D514EA4D-EAFB-47A9-A437-A582CA571251}.Debug|Win32.Build.0 = Debug|Win32
		{D514EA4D-EAFB-47A9-A437-A582CA571251}.Debug|Win64 (AMD64).ActiveCfg = Debug|Win32
		{D514EA4D-EAFB-47A9-A437-A582CA571251}.Debug|x64.ActiveCfg = Debug|Win32
		{D514EA4D-EAFB-47A9-A437-A582CA571251}.Release|Win32.ActiveCfg = Release|Win32
		{D514EA4D-EAFB-47A9-A437-A582CA571251}.Release|Win32.Build.0 = Release|Win32
		{D514EA4D-EAFB-47A9-A437-A582CA571251}.Release|Win64 (AMD64).ActiveCfg = Release|Win32
		{D514EA4D-EAFB-47A9-A437-A582CA571251}.Release|x64.ActiveCfg = Release|Win32
		{5E56335F-0FB1-4EEA-B240-D8DC5E0608E4}.Debug|Win32.ActiveCfg = Debug|Win32
		{5E56335F-0FB1-4EEA-B240-D8DC5E0608E4}.Debug|Win32.Build.0 = Debug|Win32
		{5E56335F-0FB1-4EEA-B240-D8DC5E0608E4}.Debug|Win64 (AMD64).ActiveCfg = Debug|Win32
		{5E56335F-0FB1-4EEA-B240-D8DC5E0608E4}.Debug|x64.ActiveCfg = Debug|Win32
		{5E56335F-0FB1-4EEA-B240-D8DC5E0608E4}.Release|Win32.ActiveCfg = Release|Win32
		{5E56335F-0FB1-4EEA-B240-D8DC5E0608E4}.Release|Win32.Build.0 = Release|Win32
		{5E56335F-0FB1-4EEA-B240-D8DC5E0608E4}.Release|Win64 (AMD64).ActiveCfg = Release|Win32
		{5E56335F-0FB1-4EEA-B240-D8DC5E0608E4}.Release|x64.ActiveCfg = Release|Win32
		{F671100C-469F-4723-AAC4-B7FE4F5B8DC4}.Debug|Win32.ActiveCfg = Debug|Win32
		{F671100C-469F-4723-AAC4-B7FE4F5B8DC4}.Debug|Win32.Build.0 = Debug|Win32
		{F671100C-469F-4723-AAC4-B7FE4F5B8DC4}.Debug|Win64 (AMD64).ActiveCfg = Debug|Win32
		{F671100C-469F-4723-AAC4-B7FE4F5B8DC4}.Debug|x64.ActiveCfg = Debug|Win32
		{F671100C-469F-4723-AAC4-B7FE4F5B8DC4}.Release|Win32.ActiveCfg = Release|Win32
		{F671100C-469F-4723-AAC4-B7FE4F5B8DC4}.Release|Win32.Build.0 = Release|Win32
		{F671100C-469F-4723-AAC4-B7FE4F5B8DC4}.Release|Win64 (AMD64).ActiveCfg = Release|Win32
		{F671100C-469F-4723-AAC4-B7FE4F5B8DC4}.Release|x64.ActiveCfg = Release|Win32
		{E8A3F6FA-AE1C-4C8E-A0B6-9C8480324EAA}.Debug|Win32.ActiveCfg = Debug|Win32
		{E8A3F6FA-AE1C-4C8E-A0B6-9C8480324EAA}.Debug|Win32.Build.0 = Debug|Win32
		{E8A3F6FA-AE1C-4C8E-A0B6-9C8480324EAA}.Debug|Win64 (AMD64).ActiveCfg = Debug|x64
		{E8A3F6FA-AE1C-4C8E-A0B6-9C8480324EAA}.Debug|x64.ActiveCfg = Debug|x64
		{E8A3F6FA-AE1C-4C8E-A0B6-9C8480324EAA}.Debug|x64.Build.0 = Debug|x64
		{E8A3F6FA-AE1C-4C8E-A0B6-9C8480324EAA}.Release|Win32.ActiveCfg = Release|x64
		{E8A3F6FA-AE1C-4C8E-A0B6-9C8480324EAA}.Release|Win64 (AMD64).ActiveCfg = Release|x64
		{E8A3F6FA-AE1C-4C8E-A0B6-9C8480324EAA}.Release|x64.ActiveCfg = Release|x64
		{E8A3F6FA-AE1C-4C8E-A0B6-9C8480324EAA}.Release|x64.Build.0 = Release|x64
	EndGlobalSection
	GlobalSection(SolutionProperties) = preSolution
		HideSolutionNode = FALSE
	EndGlobalSection
EndGlobal
