
Microsoft Visual Studio Solution File, Format Version 10.00
# Visual Studio 2008
Project("{8BC9CEB8-8B4A-11D0-8D11-00A0C91BC942}") = "NTLog", "NTLog\NTLog.vcproj", "{7C43B0E9-EE9C-4C80-9B41-6919BD9391D0}"
EndProject
Project("{8BC9CEB8-8B4A-11D0-8D11-00A0C91BC942}") = "NTLogTest", "NTLogTest\NTLogTest.vcproj", "{4D9C1F17-6056-40C4-AA75-B33DC56E4D68}"
	ProjectSection(ProjectDependencies) = postProject
		{7C43B0E9-EE9C-4C80-9B41-6919BD9391D0} = {7C43B0E9-EE9C-4C80-9B41-6919BD9391D0}
	EndProjectSection
EndProject
Global
	GlobalSection(SolutionConfigurationPlatforms) = preSolution
		Debug|Win32 = Debug|Win32
		Release|Win32 = Release|Win32
	EndGlobalSection
	GlobalSection(ProjectConfigurationPlatforms) = postSolution
		{7C43B0E9-EE9C-4C80-9B41-6919BD9391D0}.Debug|Win32.ActiveCfg = Debug|Win32
		{7C43B0E9-EE9C-4C80-9B41-6919BD9391D0}.Debug|Win32.Build.0 = Debug|Win32
		{7C43B0E9-EE9C-4C80-9B41-6919BD9391D0}.Release|Win32.ActiveCfg = Release|Win32
		{7C43B0E9-EE9C-4C80-9B41-6919BD9391D0}.Release|Win32.Build.0 = Release|Win32
		{4D9C1F17-6056-40C4-AA75-B33DC56E4D68}.Debug|Win32.ActiveCfg = Debug|Win32
		{4D9C1F17-6056-40C4-AA75-B33DC56E4D68}.Debug|Win32.Build.0 = Debug|Win32
		{4D9C1F17-6056-40C4-AA75-B33DC56E4D68}.Release|Win32.ActiveCfg = Release|Win32
		{4D9C1F17-6056-40C4-AA75-B33DC56E4D68}.Release|Win32.Build.0 = Release|Win32
	EndGlobalSection
	GlobalSection(SolutionProperties) = preSolution
		HideSolutionNode = FALSE
	EndGlobalSection
EndGlobal
