
Microsoft Visual Studio Solution File, Format Version 10.00
# Visual Studio 2008
Project("{8BC9CEB8-8B4A-11D0-8D11-00A0C91BC942}") = "CxImage", "CxImage\cximage.vcproj", "{C1A707A0-EB4D-4DFC-B6AD-2D71E4BFCBB7}"
EndProject
Project("{8BC9CEB8-8B4A-11D0-8D11-00A0C91BC942}") = "CxImageCrtDll", "CxImage\CxImageDLL\CxImageCrtDll.vcproj", "{C7B1EA02-6F75-4131-B47C-657F883D60C0}"
	ProjectSection(ProjectDependencies) = postProject
		{881630D7-A6E6-4137-B891-45BDA9444511} = {881630D7-A6E6-4137-B891-45BDA9444511}
		{FFA695A8-A1F5-4220-A964-0AE69B243980} = {FFA695A8-A1F5-4220-A964-0AE69B243980}
		{183F2C45-6661-42EA-8F4E-81FA97BFE370} = {183F2C45-6661-42EA-8F4E-81FA97BFE370}
		{4A7AC390-9C7A-47CA-8DA8-8BB9754E0DF8} = {4A7AC390-9C7A-47CA-8DA8-8BB9754E0DF8}
		{896F842C-608F-4D27-ABD1-E6A4FD1A1657} = {896F842C-608F-4D27-ABD1-E6A4FD1A1657}
		{0ED6DFD7-16B6-4A12-BF89-09E857E182C4} = {0ED6DFD7-16B6-4A12-BF89-09E857E182C4}
		{A1CF21D1-C60D-4CA3-81A7-950EFBA4B571} = {A1CF21D1-C60D-4CA3-81A7-950EFBA4B571}
		{C7CD5647-AC7F-4D79-9FAC-A2BC4E455BAE} = {C7CD5647-AC7F-4D79-9FAC-A2BC4E455BAE}
	EndProjectSection
EndProject
Project("{8BC9CEB8-8B4A-11D0-8D11-00A0C91BC942}") = "CxImageMfcDll", "CxImage\CxImageDLL\cximagemfcdll.vcproj", "{2E6887B4-19DD-4A67-A93C-633CE6F76F2A}"
	ProjectSection(ProjectDependencies) = postProject
		{881630D7-A6E6-4137-B891-45BDA9444511} = {881630D7-A6E6-4137-B891-45BDA9444511}
		{FFA695A8-A1F5-4220-A964-0AE69B243980} = {FFA695A8-A1F5-4220-A964-0AE69B243980}
		{183F2C45-6661-42EA-8F4E-81FA97BFE370} = {183F2C45-6661-42EA-8F4E-81FA97BFE370}
		{4A7AC390-9C7A-47CA-8DA8-8BB9754E0DF8} = {4A7AC390-9C7A-47CA-8DA8-8BB9754E0DF8}
		{896F842C-608F-4D27-ABD1-E6A4FD1A1657} = {896F842C-608F-4D27-ABD1-E6A4FD1A1657}
		{0ED6DFD7-16B6-4A12-BF89-09E857E182C4} = {0ED6DFD7-16B6-4A12-BF89-09E857E182C4}
		{A1CF21D1-C60D-4CA3-81A7-950EFBA4B571} = {A1CF21D1-C60D-4CA3-81A7-950EFBA4B571}
		{C7CD5647-AC7F-4D79-9FAC-A2BC4E455BAE} = {C7CD5647-AC7F-4D79-9FAC-A2BC4E455BAE}
	EndProjectSection
EndProject
Project("{8BC9CEB8-8B4A-11D0-8D11-00A0C91BC942}") = "demo", "demo\demo.vcproj", "{886D930F-5FBE-4C06-B429-272DEE4F4912}"
	ProjectSection(ProjectDependencies) = postProject
		{C1A707A0-EB4D-4DFC-B6AD-2D71E4BFCBB7} = {C1A707A0-EB4D-4DFC-B6AD-2D71E4BFCBB7}
		{FFA695A8-A1F5-4220-A964-0AE69B243980} = {FFA695A8-A1F5-4220-A964-0AE69B243980}
		{183F2C45-6661-42EA-8F4E-81FA97BFE370} = {183F2C45-6661-42EA-8F4E-81FA97BFE370}
		{4A7AC390-9C7A-47CA-8DA8-8BB9754E0DF8} = {4A7AC390-9C7A-47CA-8DA8-8BB9754E0DF8}
		{896F842C-608F-4D27-ABD1-E6A4FD1A1657} = {896F842C-608F-4D27-ABD1-E6A4FD1A1657}
		{A1CF21D1-C60D-4CA3-81A7-950EFBA4B571} = {A1CF21D1-C60D-4CA3-81A7-950EFBA4B571}
		{881630D7-A6E6-4137-B891-45BDA9444511} = {881630D7-A6E6-4137-B891-45BDA9444511}
		{0ED6DFD7-16B6-4A12-BF89-09E857E182C4} = {0ED6DFD7-16B6-4A12-BF89-09E857E182C4}
		{C7CD5647-AC7F-4D79-9FAC-A2BC4E455BAE} = {C7CD5647-AC7F-4D79-9FAC-A2BC4E455BAE}
	EndProjectSection
EndProject
Project("{8BC9CEB8-8B4A-11D0-8D11-00A0C91BC942}") = "demoDll", "demo\demoDLL.vcproj", "{DDD580CD-4286-4002-BDB0-E510972F9B11}"
	ProjectSection(ProjectDependencies) = postProject
		{C7B1EA02-6F75-4131-B47C-657F883D60C0} = {C7B1EA02-6F75-4131-B47C-657F883D60C0}
	EndProjectSection
EndProject
Project("{8BC9CEB8-8B4A-11D0-8D11-00A0C91BC942}") = "jasper", "jasper\jasper.vcproj", "{0ED6DFD7-16B6-4A12-BF89-09E857E182C4}"
EndProject
Project("{8BC9CEB8-8B4A-11D0-8D11-00A0C91BC942}") = "jbig", "jbig\jbig.vcproj", "{881630D7-A6E6-4137-B891-45BDA9444511}"
EndProject
Project("{8BC9CEB8-8B4A-11D0-8D11-00A0C91BC942}") = "jpeg", "jpeg\Jpeg.vcproj", "{FFA695A8-A1F5-4220-A964-0AE69B243980}"
EndProject
Project("{8BC9CEB8-8B4A-11D0-8D11-00A0C91BC942}") = "libdcr", "raw\libdcr.vcproj", "{C7CD5647-AC7F-4D79-9FAC-A2BC4E455BAE}"
EndProject
Project("{8BC9CEB8-8B4A-11D0-8D11-00A0C91BC942}") = "mng", "mng\mng.vcproj", "{A1CF21D1-C60D-4CA3-81A7-950EFBA4B571}"
EndProject
Project("{8BC9CEB8-8B4A-11D0-8D11-00A0C91BC942}") = "png", "png\png.vcproj", "{183F2C45-6661-42EA-8F4E-81FA97BFE370}"
EndProject
Project("{8BC9CEB8-8B4A-11D0-8D11-00A0C91BC942}") = "tiff", "tiff\Tiff.vcproj", "{4A7AC390-9C7A-47CA-8DA8-8BB9754E0DF8}"
EndProject
Project("{8BC9CEB8-8B4A-11D0-8D11-00A0C91BC942}") = "zlib", "zlib\zlib.vcproj", "{896F842C-608F-4D27-ABD1-E6A4FD1A1657}"
EndProject
Project("{8BC9CEB8-8B4A-11D0-8D11-00A0C91BC942}") = "test", "test\test.vcproj", "{B326D9B6-E5D6-4B30-AE5E-998C452D4340}"
EndProject
Global
	GlobalSection(SolutionConfigurationPlatforms) = preSolution
		Debug|Win32 = Debug|Win32
		Release|Win32 = Release|Win32
		Unicode Debug|Win32 = Unicode Debug|Win32
		Unicode Release|Win32 = Unicode Release|Win32
	EndGlobalSection
	GlobalSection(ProjectConfigurationPlatforms) = postSolution
		{C1A707A0-EB4D-4DFC-B6AD-2D71E4BFCBB7}.Debug|Win32.ActiveCfg = Debug|Win32
		{C1A707A0-EB4D-4DFC-B6AD-2D71E4BFCBB7}.Debug|Win32.Build.0 = Debug|Win32
		{C1A707A0-EB4D-4DFC-B6AD-2D71E4BFCBB7}.Release|Win32.ActiveCfg = Release|Win32
		{C1A707A0-EB4D-4DFC-B6AD-2D71E4BFCBB7}.Release|Win32.Build.0 = Release|Win32
		{C1A707A0-EB4D-4DFC-B6AD-2D71E4BFCBB7}.Unicode Debug|Win32.ActiveCfg = Unicode Debug|Win32
		{C1A707A0-EB4D-4DFC-B6AD-2D71E4BFCBB7}.Unicode Debug|Win32.Build.0 = Unicode Debug|Win32
		{C1A707A0-EB4D-4DFC-B6AD-2D71E4BFCBB7}.Unicode Release|Win32.ActiveCfg = Unicode Release|Win32
		{C1A707A0-EB4D-4DFC-B6AD-2D71E4BFCBB7}.Unicode Release|Win32.Build.0 = Unicode Release|Win32
		{C7B1EA02-6F75-4131-B47C-657F883D60C0}.Debug|Win32.ActiveCfg = Debug|Win32
		{C7B1EA02-6F75-4131-B47C-657F883D60C0}.Debug|Win32.Build.0 = Debug|Win32
		{C7B1EA02-6F75-4131-B47C-657F883D60C0}.Release|Win32.ActiveCfg = Release|Win32
		{C7B1EA02-6F75-4131-B47C-657F883D60C0}.Release|Win32.Build.0 = Release|Win32
		{C7B1EA02-6F75-4131-B47C-657F883D60C0}.Unicode Debug|Win32.ActiveCfg = Unicode Debug|Win32
		{C7B1EA02-6F75-4131-B47C-657F883D60C0}.Unicode Debug|Win32.Build.0 = Unicode Debug|Win32
		{C7B1EA02-6F75-4131-B47C-657F883D60C0}.Unicode Release|Win32.ActiveCfg = Unicode Release|Win32
		{C7B1EA02-6F75-4131-B47C-657F883D60C0}.Unicode Release|Win32.Build.0 = Unicode Release|Win32
		{2E6887B4-19DD-4A67-A93C-633CE6F76F2A}.Debug|Win32.ActiveCfg = Debug|Win32
		{2E6887B4-19DD-4A67-A93C-633CE6F76F2A}.Debug|Win32.Build.0 = Debug|Win32
		{2E6887B4-19DD-4A67-A93C-633CE6F76F2A}.Release|Win32.ActiveCfg = Release|Win32
		{2E6887B4-19DD-4A67-A93C-633CE6F76F2A}.Release|Win32.Build.0 = Release|Win32
		{2E6887B4-19DD-4A67-A93C-633CE6F76F2A}.Unicode Debug|Win32.ActiveCfg = Unicode Debug|Win32
		{2E6887B4-19DD-4A67-A93C-633CE6F76F2A}.Unicode Debug|Win32.Build.0 = Unicode Debug|Win32
		{2E6887B4-19DD-4A67-A93C-633CE6F76F2A}.Unicode Release|Win32.ActiveCfg = Unicode Release|Win32
		{2E6887B4-19DD-4A67-A93C-633CE6F76F2A}.Unicode Release|Win32.Build.0 = Unicode Release|Win32
		{886D930F-5FBE-4C06-B429-272DEE4F4912}.Debug|Win32.ActiveCfg = Debug|Win32
		{886D930F-5FBE-4C06-B429-272DEE4F4912}.Debug|Win32.Build.0 = Debug|Win32
		{886D930F-5FBE-4C06-B429-272DEE4F4912}.Release|Win32.ActiveCfg = Release|Win32
		{886D930F-5FBE-4C06-B429-272DEE4F4912}.Release|Win32.Build.0 = Release|Win32
		{886D930F-5FBE-4C06-B429-272DEE4F4912}.Unicode Debug|Win32.ActiveCfg = Unicode Debug|Win32
		{886D930F-5FBE-4C06-B429-272DEE4F4912}.Unicode Debug|Win32.Build.0 = Unicode Debug|Win32
		{886D930F-5FBE-4C06-B429-272DEE4F4912}.Unicode Release|Win32.ActiveCfg = Unicode Release|Win32
		{886D930F-5FBE-4C06-B429-272DEE4F4912}.Unicode Release|Win32.Build.0 = Unicode Release|Win32
		{DDD580CD-4286-4002-BDB0-E510972F9B11}.Debug|Win32.ActiveCfg = Debug|Win32
		{DDD580CD-4286-4002-BDB0-E510972F9B11}.Debug|Win32.Build.0 = Debug|Win32
		{DDD580CD-4286-4002-BDB0-E510972F9B11}.Release|Win32.ActiveCfg = Release|Win32
		{DDD580CD-4286-4002-BDB0-E510972F9B11}.Release|Win32.Build.0 = Release|Win32
		{DDD580CD-4286-4002-BDB0-E510972F9B11}.Unicode Debug|Win32.ActiveCfg = Unicode Debug|Win32
		{DDD580CD-4286-4002-BDB0-E510972F9B11}.Unicode Debug|Win32.Build.0 = Unicode Debug|Win32
		{DDD580CD-4286-4002-BDB0-E510972F9B11}.Unicode Release|Win32.ActiveCfg = Unicode Release|Win32
		{DDD580CD-4286-4002-BDB0-E510972F9B11}.Unicode Release|Win32.Build.0 = Unicode Release|Win32
		{0ED6DFD7-16B6-4A12-BF89-09E857E182C4}.Debug|Win32.ActiveCfg = Debug|Win32
		{0ED6DFD7-16B6-4A12-BF89-09E857E182C4}.Debug|Win32.Build.0 = Debug|Win32
		{0ED6DFD7-16B6-4A12-BF89-09E857E182C4}.Release|Win32.ActiveCfg = Release|Win32
		{0ED6DFD7-16B6-4A12-BF89-09E857E182C4}.Release|Win32.Build.0 = Release|Win32
		{0ED6DFD7-16B6-4A12-BF89-09E857E182C4}.Unicode Debug|Win32.ActiveCfg = Unicode Debug|Win32
		{0ED6DFD7-16B6-4A12-BF89-09E857E182C4}.Unicode Debug|Win32.Build.0 = Unicode Debug|Win32
		{0ED6DFD7-16B6-4A12-BF89-09E857E182C4}.Unicode Release|Win32.ActiveCfg = Unicode Release|Win32
		{0ED6DFD7-16B6-4A12-BF89-09E857E182C4}.Unicode Release|Win32.Build.0 = Unicode Release|Win32
		{881630D7-A6E6-4137-B891-45BDA9444511}.Debug|Win32.ActiveCfg = Debug|Win32
		{881630D7-A6E6-4137-B891-45BDA9444511}.Debug|Win32.Build.0 = Debug|Win32
		{881630D7-A6E6-4137-B891-45BDA9444511}.Release|Win32.ActiveCfg = Release|Win32
		{881630D7-A6E6-4137-B891-45BDA9444511}.Release|Win32.Build.0 = Release|Win32
		{881630D7-A6E6-4137-B891-45BDA9444511}.Unicode Debug|Win32.ActiveCfg = Unicode Debug|Win32
		{881630D7-A6E6-4137-B891-45BDA9444511}.Unicode Debug|Win32.Build.0 = Unicode Debug|Win32
		{881630D7-A6E6-4137-B891-45BDA9444511}.Unicode Release|Win32.ActiveCfg = Unicode Release|Win32
		{881630D7-A6E6-4137-B891-45BDA9444511}.Unicode Release|Win32.Build.0 = Unicode Release|Win32
		{FFA695A8-A1F5-4220-A964-0AE69B243980}.Debug|Win32.ActiveCfg = Debug|Win32
		{FFA695A8-A1F5-4220-A964-0AE69B243980}.Debug|Win32.Build.0 = Debug|Win32
		{FFA695A8-A1F5-4220-A964-0AE69B243980}.Release|Win32.ActiveCfg = Release|Win32
		{FFA695A8-A1F5-4220-A964-0AE69B243980}.Release|Win32.Build.0 = Release|Win32
		{FFA695A8-A1F5-4220-A964-0AE69B243980}.Unicode Debug|Win32.ActiveCfg = Unicode Debug|Win32
		{FFA695A8-A1F5-4220-A964-0AE69B243980}.Unicode Debug|Win32.Build.0 = Unicode Debug|Win32
		{FFA695A8-A1F5-4220-A964-0AE69B243980}.Unicode Release|Win32.ActiveCfg = Unicode Release|Win32
		{FFA695A8-A1F5-4220-A964-0AE69B243980}.Unicode Release|Win32.Build.0 = Unicode Release|Win32
		{C7CD5647-AC7F-4D79-9FAC-A2BC4E455BAE}.Debug|Win32.ActiveCfg = Debug|Win32
		{C7CD5647-AC7F-4D79-9FAC-A2BC4E455BAE}.Debug|Win32.Build.0 = Debug|Win32
		{C7CD5647-AC7F-4D79-9FAC-A2BC4E455BAE}.Release|Win32.ActiveCfg = Release|Win32
		{C7CD5647-AC7F-4D79-9FAC-A2BC4E455BAE}.Release|Win32.Build.0 = Release|Win32
		{C7CD5647-AC7F-4D79-9FAC-A2BC4E455BAE}.Unicode Debug|Win32.ActiveCfg = Unicode Debug|Win32
		{C7CD5647-AC7F-4D79-9FAC-A2BC4E455BAE}.Unicode Debug|Win32.Build.0 = Unicode Debug|Win32
		{C7CD5647-AC7F-4D79-9FAC-A2BC4E455BAE}.Unicode Release|Win32.ActiveCfg = Unicode Release|Win32
		{C7CD5647-AC7F-4D79-9FAC-A2BC4E455BAE}.Unicode Release|Win32.Build.0 = Unicode Release|Win32
		{A1CF21D1-C60D-4CA3-81A7-950EFBA4B571}.Debug|Win32.ActiveCfg = Debug|Win32
		{A1CF21D1-C60D-4CA3-81A7-950EFBA4B571}.Debug|Win32.Build.0 = Debug|Win32
		{A1CF21D1-C60D-4CA3-81A7-950EFBA4B571}.Release|Win32.ActiveCfg = Release|Win32
		{A1CF21D1-C60D-4CA3-81A7-950EFBA4B571}.Release|Win32.Build.0 = Release|Win32
		{A1CF21D1-C60D-4CA3-81A7-950EFBA4B571}.Unicode Debug|Win32.ActiveCfg = Unicode Debug|Win32
		{A1CF21D1-C60D-4CA3-81A7-950EFBA4B571}.Unicode Debug|Win32.Build.0 = Unicode Debug|Win32
		{A1CF21D1-C60D-4CA3-81A7-950EFBA4B571}.Unicode Release|Win32.ActiveCfg = Unicode Release|Win32
		{A1CF21D1-C60D-4CA3-81A7-950EFBA4B571}.Unicode Release|Win32.Build.0 = Unicode Release|Win32
		{183F2C45-6661-42EA-8F4E-81FA97BFE370}.Debug|Win32.ActiveCfg = Debug|Win32
		{183F2C45-6661-42EA-8F4E-81FA97BFE370}.Debug|Win32.Build.0 = Debug|Win32
		{183F2C45-6661-42EA-8F4E-81FA97BFE370}.Release|Win32.ActiveCfg = Release|Win32
		{183F2C45-6661-42EA-8F4E-81FA97BFE370}.Release|Win32.Build.0 = Release|Win32
		{183F2C45-6661-42EA-8F4E-81FA97BFE370}.Unicode Debug|Win32.ActiveCfg = Unicode Debug|Win32
		{183F2C45-6661-42EA-8F4E-81FA97BFE370}.Unicode Debug|Win32.Build.0 = Unicode Debug|Win32
		{183F2C45-6661-42EA-8F4E-81FA97BFE370}.Unicode Release|Win32.ActiveCfg = Unicode Release|Win32
		{183F2C45-6661-42EA-8F4E-81FA97BFE370}.Unicode Release|Win32.Build.0 = Unicode Release|Win32
		{4A7AC390-9C7A-47CA-8DA8-8BB9754E0DF8}.Debug|Win32.ActiveCfg = Debug|Win32
		{4A7AC390-9C7A-47CA-8DA8-8BB9754E0DF8}.Debug|Win32.Build.0 = Debug|Win32
		{4A7AC390-9C7A-47CA-8DA8-8BB9754E0DF8}.Release|Win32.ActiveCfg = Release|Win32
		{4A7AC390-9C7A-47CA-8DA8-8BB9754E0DF8}.Release|Win32.Build.0 = Release|Win32
		{4A7AC390-9C7A-47CA-8DA8-8BB9754E0DF8}.Unicode Debug|Win32.ActiveCfg = Unicode Debug|Win32
		{4A7AC390-9C7A-47CA-8DA8-8BB9754E0DF8}.Unicode Debug|Win32.Build.0 = Unicode Debug|Win32
		{4A7AC390-9C7A-47CA-8DA8-8BB9754E0DF8}.Unicode Release|Win32.ActiveCfg = Unicode Release|Win32
		{4A7AC390-9C7A-47CA-8DA8-8BB9754E0DF8}.Unicode Release|Win32.Build.0 = Unicode Release|Win32
		{896F842C-608F-4D27-ABD1-E6A4FD1A1657}.Debug|Win32.ActiveCfg = Debug|Win32
		{896F842C-608F-4D27-ABD1-E6A4FD1A1657}.Debug|Win32.Build.0 = Debug|Win32
		{896F842C-608F-4D27-ABD1-E6A4FD1A1657}.Release|Win32.ActiveCfg = Release|Win32
		{896F842C-608F-4D27-ABD1-E6A4FD1A1657}.Release|Win32.Build.0 = Release|Win32
		{896F842C-608F-4D27-ABD1-E6A4FD1A1657}.Unicode Debug|Win32.ActiveCfg = Unicode Debug|Win32
		{896F842C-608F-4D27-ABD1-E6A4FD1A1657}.Unicode Debug|Win32.Build.0 = Unicode Debug|Win32
		{896F842C-608F-4D27-ABD1-E6A4FD1A1657}.Unicode Release|Win32.ActiveCfg = Unicode Release|Win32
		{896F842C-608F-4D27-ABD1-E6A4FD1A1657}.Unicode Release|Win32.Build.0 = Unicode Release|Win32
		{B326D9B6-E5D6-4B30-AE5E-998C452D4340}.Debug|Win32.ActiveCfg = Debug|Win32
		{B326D9B6-E5D6-4B30-AE5E-998C452D4340}.Debug|Win32.Build.0 = Debug|Win32
		{B326D9B6-E5D6-4B30-AE5E-998C452D4340}.Release|Win32.ActiveCfg = Release|Win32
		{B326D9B6-E5D6-4B30-AE5E-998C452D4340}.Release|Win32.Build.0 = Release|Win32
		{B326D9B6-E5D6-4B30-AE5E-998C452D4340}.Unicode Debug|Win32.ActiveCfg = Debug|Win32
		{B326D9B6-E5D6-4B30-AE5E-998C452D4340}.Unicode Debug|Win32.Build.0 = Debug|Win32
		{B326D9B6-E5D6-4B30-AE5E-998C452D4340}.Unicode Release|Win32.ActiveCfg = Release|Win32
		{B326D9B6-E5D6-4B30-AE5E-998C452D4340}.Unicode Release|Win32.Build.0 = Release|Win32
	EndGlobalSection
	GlobalSection(SolutionProperties) = preSolution
		HideSolutionNode = FALSE
	EndGlobalSection
EndGlobal
