
Microsoft Visual Studio Solution File, Format Version 10.00
# Visual Studio 2008
Project("{8BC9CEB8-8B4A-11D0-8D11-00A0C91BC942}") = "cpuid", "cpuid\cpuid.vcproj", "{03CEEF39-F9B4-4300-BC2E-C93E0B214659}"
EndProject
Global
	GlobalSection(SolutionConfigurationPlatforms) = preSolution
		Debug|Win32 = Debug|Win32
		Release|Win32 = Release|Win32
	EndGlobalSection
	GlobalSection(ProjectConfigurationPlatforms) = postSolution
		{03CEEF39-F9B4-4300-BC2E-C93E0B214659}.Debug|Win32.ActiveCfg = Debug|Win32
		{03CEEF39-F9B4-4300-BC2E-C93E0B214659}.Debug|Win32.Build.0 = Debug|Win32
		{03CEEF39-F9B4-4300-BC2E-C93E0B214659}.Release|Win32.ActiveCfg = Release|Win32
		{03CEEF39-F9B4-4300-BC2E-C93E0B214659}.Release|Win32.Build.0 = Release|Win32
	EndGlobalSection
	GlobalSection(SolutionProperties) = preSolution
		HideSolutionNode = FALSE
	EndGlobalSection
EndGlobal
