
Microsoft Visual Studio Solution File, Format Version 10.00
# Visual Studio 2008
Project("{8BC9CEB8-8B4A-11D0-8D11-00A0C91BC942}") = "Neptune", "Neptune\Build\Targets\x86-microsoft-win32-vs2008\Neptune\Neptune.vcproj", "{12AFF2E5-6D95-4809-9728-9551677C078A}"
EndProject
Project("{8BC9CEB8-8B4A-11D0-8D11-00A0C91BC942}") = "Platinum", "Platinum\Build\Targets\x86-microsoft-win32-vs2008\Platinum\Platinum.vcproj", "{568611D3-AFA7-4294-99C1-E9AED0D8057E}"
EndProject
Project("{8BC9CEB8-8B4A-11D0-8D11-00A0C91BC942}") = "libDLNA", "libDLNA\libDLNA.vcproj", "{913F589B-C9F7-4BD5-98BE-E520C73D24B3}"
EndProject
Project("{8BC9CEB8-8B4A-11D0-8D11-00A0C91BC942}") = "MP4Merge", "MP4Merge\MP4Merge.vcproj", "{22CEE965-CFA9-462F-B611-698A2EB358CA}"
EndProject
Project("{8BC9CEB8-8B4A-11D0-8D11-00A0C91BC942}") = "libDLNATest", "libDLNATest\libDLNATest.vcproj", "{6705EE27-9D1D-48A2-B410-62626DB7AB27}"
EndProject
Project("{8BC9CEB8-8B4A-11D0-8D11-00A0C91BC942}") = "CDNServer", "CDNServer\CDNServer.vcproj", "{D0B80FD3-F613-4BBD-9158-4C873F49AE54}"
EndProject
Project("{8BC9CEB8-8B4A-11D0-8D11-00A0C91BC942}") = "P2PServer", "P2PServer\P2PServer.vcproj", "{C773FF55-04E9-48CA-94E6-34B1560FB3B0}"
EndProject
Global
	GlobalSection(SolutionConfigurationPlatforms) = preSolution
		Debug|Win32 = Debug|Win32
		Release|Win32 = Release|Win32
	EndGlobalSection
	GlobalSection(ProjectConfigurationPlatforms) = postSolution
		{12AFF2E5-6D95-4809-9728-9551677C078A}.Debug|Win32.ActiveCfg = Debug|Win32
		{12AFF2E5-6D95-4809-9728-9551677C078A}.Debug|Win32.Build.0 = Debug|Win32
		{12AFF2E5-6D95-4809-9728-9551677C078A}.Release|Win32.ActiveCfg = Release|Win32
		{12AFF2E5-6D95-4809-9728-9551677C078A}.Release|Win32.Build.0 = Release|Win32
		{568611D3-AFA7-4294-99C1-E9AED0D8057E}.Debug|Win32.ActiveCfg = Debug|Win32
		{568611D3-AFA7-4294-99C1-E9AED0D8057E}.Debug|Win32.Build.0 = Debug|Win32
		{568611D3-AFA7-4294-99C1-E9AED0D8057E}.Release|Win32.ActiveCfg = Release|Win32
		{568611D3-AFA7-4294-99C1-E9AED0D8057E}.Release|Win32.Build.0 = Release|Win32
		{913F589B-C9F7-4BD5-98BE-E520C73D24B3}.Debug|Win32.ActiveCfg = Debug|Win32
		{913F589B-C9F7-4BD5-98BE-E520C73D24B3}.Debug|Win32.Build.0 = Debug|Win32
		{913F589B-C9F7-4BD5-98BE-E520C73D24B3}.Release|Win32.ActiveCfg = Release|Win32
		{913F589B-C9F7-4BD5-98BE-E520C73D24B3}.Release|Win32.Build.0 = Release|Win32
		{22CEE965-CFA9-462F-B611-698A2EB358CA}.Debug|Win32.ActiveCfg = Debug|Win32
		{22CEE965-CFA9-462F-B611-698A2EB358CA}.Debug|Win32.Build.0 = Debug|Win32
		{22CEE965-CFA9-462F-B611-698A2EB358CA}.Release|Win32.ActiveCfg = Release|Win32
		{22CEE965-CFA9-462F-B611-698A2EB358CA}.Release|Win32.Build.0 = Release|Win32
		{6705EE27-9D1D-48A2-B410-62626DB7AB27}.Debug|Win32.ActiveCfg = Debug|Win32
		{6705EE27-9D1D-48A2-B410-62626DB7AB27}.Debug|Win32.Build.0 = Debug|Win32
		{6705EE27-9D1D-48A2-B410-62626DB7AB27}.Release|Win32.ActiveCfg = Release|Win32
		{6705EE27-9D1D-48A2-B410-62626DB7AB27}.Release|Win32.Build.0 = Release|Win32
		{D0B80FD3-F613-4BBD-9158-4C873F49AE54}.Debug|Win32.ActiveCfg = Debug|Win32
		{D0B80FD3-F613-4BBD-9158-4C873F49AE54}.Debug|Win32.Build.0 = Debug|Win32
		{D0B80FD3-F613-4BBD-9158-4C873F49AE54}.Release|Win32.ActiveCfg = Release|Win32
		{D0B80FD3-F613-4BBD-9158-4C873F49AE54}.Release|Win32.Build.0 = Release|Win32
		{C773FF55-04E9-48CA-94E6-34B1560FB3B0}.Debug|Win32.ActiveCfg = Debug|Win32
		{C773FF55-04E9-48CA-94E6-34B1560FB3B0}.Debug|Win32.Build.0 = Debug|Win32
		{C773FF55-04E9-48CA-94E6-34B1560FB3B0}.Release|Win32.ActiveCfg = Release|Win32
		{C773FF55-04E9-48CA-94E6-34B1560FB3B0}.Release|Win32.Build.0 = Release|Win32
	EndGlobalSection
	GlobalSection(SolutionProperties) = preSolution
		HideSolutionNode = FALSE
	EndGlobalSection
EndGlobal
