
Microsoft Visual Studio Solution File, Format Version 10.00
# Visual Studio 2008
Project("{8BC9CEB8-8B4A-11D0-8D11-00A0C91BC942}") = "Neptune", "Neptune\Build\Targets\x86-microsoft-win32-vs2008\Neptune\Neptune.vcproj", "{12AFF2E5-6D95-4809-9728-9551677C078A}"
EndProject
Project("{8BC9CEB8-8B4A-11D0-8D11-00A0C91BC942}") = "Platinum", "Platinum\Build\Targets\x86-microsoft-win32-vs2008\Platinum\Platinum.vcproj", "{568611D3-AFA7-4294-99C1-E9AED0D8057E}"
EndProject
Project("{8BC9CEB8-8B4A-11D0-8D11-00A0C91BC942}") = "SHDLNAPlayer", "SHDLNAPlayer\SHDLNAPlayer.vcproj", "{28469C40-E5BE-4E84-9A23-093F4BB1D4E3}"
	ProjectSection(ProjectDependencies) = postProject
		{568611D3-AFA7-4294-99C1-E9AED0D8057E} = {568611D3-AFA7-4294-99C1-E9AED0D8057E}
		{12AFF2E5-6D95-4809-9728-9551677C078A} = {12AFF2E5-6D95-4809-9728-9551677C078A}
	EndProjectSection
EndProject
Project("{8BC9CEB8-8B4A-11D0-8D11-00A0C91BC942}") = "SHDLNAPlayerTest", "SHDLNAPlayerTest\SHDLNAPlayerTest.vcproj", "{A1FA00A4-44E3-4ACB-8A62-4DF6ED6A402A}"
	ProjectSection(ProjectDependencies) = postProject
		{28469C40-E5BE-4E84-9A23-093F4BB1D4E3} = {28469C40-E5BE-4E84-9A23-093F4BB1D4E3}
	EndProjectSection
EndProject
Global
	GlobalSection(SolutionConfigurationPlatforms) = preSolution
		Debug|Win32 = Debug|Win32
		Release|Win32 = Release|Win32
	EndGlobalSection
	GlobalSection(ProjectConfigurationPlatforms) = postSolution
		{12AFF2E5-6D95-4809-9728-9551677C078A}.Debug|Win32.ActiveCfg = Debug|Win32
		{12AFF2E5-6D95-4809-9728-9551677C078A}.Debug|Win32.Build.0 = Debug|Win32
		{12AFF2E5-6D95-4809-9728-9551677C078A}.Release|Win32.ActiveCfg = Release|Win32
		{12AFF2E5-6D95-4809-9728-9551677C078A}.Release|Win32.Build.0 = Release|Win32
		{568611D3-AFA7-4294-99C1-E9AED0D8057E}.Debug|Win32.ActiveCfg = Debug|Win32
		{568611D3-AFA7-4294-99C1-E9AED0D8057E}.Debug|Win32.Build.0 = Debug|Win32
		{568611D3-AFA7-4294-99C1-E9AED0D8057E}.Release|Win32.ActiveCfg = Release|Win32
		{568611D3-AFA7-4294-99C1-E9AED0D8057E}.Release|Win32.Build.0 = Release|Win32
		{28469C40-E5BE-4E84-9A23-093F4BB1D4E3}.Debug|Win32.ActiveCfg = Debug|Win32
		{28469C40-E5BE-4E84-9A23-093F4BB1D4E3}.Debug|Win32.Build.0 = Debug|Win32
		{28469C40-E5BE-4E84-9A23-093F4BB1D4E3}.Release|Win32.ActiveCfg = Release|Win32
		{28469C40-E5BE-4E84-9A23-093F4BB1D4E3}.Release|Win32.Build.0 = Release|Win32
		{A1FA00A4-44E3-4ACB-8A62-4DF6ED6A402A}.Debug|Win32.ActiveCfg = Debug|Win32
		{A1FA00A4-44E3-4ACB-8A62-4DF6ED6A402A}.Debug|Win32.Build.0 = Debug|Win32
		{A1FA00A4-44E3-4ACB-8A62-4DF6ED6A402A}.Release|Win32.ActiveCfg = Release|Win32
		{A1FA00A4-44E3-4ACB-8A62-4DF6ED6A402A}.Release|Win32.Build.0 = Release|Win32
	EndGlobalSection
	GlobalSection(SolutionProperties) = preSolution
		HideSolutionNode = FALSE
	EndGlobalSection
EndGlobal
